
Microsoft Visual Studio Solution File, Format Version 12.00
# Visual Studio 15
VisualStudioVersion = 15.0.28307.168
MinimumVisualStudioVersion = 10.0.40219.1
Project("{FAE04EC0-301F-11D3-BF4B-00C04F79EFBC}") = "HomeTask11_12_Wolf_And_3Pigs", "HomeTask11_12_Wolf_And_3Pigs\HomeTask11_12_Wolf_And_3Pigs.csproj", "{71C5D96F-50C7-440C-9574-5AC1918077DB}"
EndProject
Global
	GlobalSection(SolutionConfigurationPlatforms) = preSolution
		Debug|Any CPU = Debug|Any CPU
		Release|Any CPU = Release|Any CPU
	EndGlobalSection
	GlobalSection(ProjectConfigurationPlatforms) = postSolution
		{71C5D96F-50C7-440C-9574-5AC1918077DB}.Debug|Any CPU.ActiveCfg = Debug|Any CPU
		{71C5D96F-50C7-440C-9574-5AC1918077DB}.Debug|Any CPU.Build.0 = Debug|Any CPU
		{71C5D96F-50C7-440C-9574-5AC1918077DB}.Release|Any CPU.ActiveCfg = Release|Any CPU
		{71C5D96F-50C7-440C-9574-5AC1918077DB}.Release|Any CPU.Build.0 = Release|Any CPU
	EndGlobalSection
	GlobalSection(SolutionProperties) = preSolution
		HideSolutionNode = FALSE
	EndGlobalSection
	GlobalSection(ExtensibilityGlobals) = postSolution
		SolutionGuid = {E534B3E1-B36E-4953-8A1F-002CCB65B479}
	EndGlobalSection
EndGlobal
